{
  "name": "local-sdk-test",
  "version": "1.0.0",
  "lockfileVersion": 3,
  "requires": true,
  "packages": {
    "": {
      "name": "local-sdk-test",
      "version": "1.0.0",
      "dependencies": {
        "@cline/sdk": "file:.local-sdk-builder/package"
      }
    },
    ".local-sdk-builder/package": {
      "name": "@cline/sdk",
      "version": "0.0.42-local"
    },
    "node_modules/@cline/sdk": {
      "resolved": ".local-sdk-builder/package",
      "link": true
    }
  }
}
